# This file is autogenerated, do not edit; changes may be undone by the next 'dep ensure'.


[[projects]]
  digest = "1:0ef770954bca104ee99b3b6b7f9b240605ac03517d9f98cbc1893daa03f3c038"
  name = "github.com/coreos/go-semver"
  packages = ["semver"]
  pruneopts = "UT"
  revision = "8ab6407b697782a06568d4b7f1db25550ec2e4c6"
  version = "v0.2.0"

[[projects]]
  branch = "master"
  digest = "1:71570cb9af58f4981cd3b6ac9902b37e978e1f3c34f35a04a3a4837ea542500f"
  name = "github.com/cppforlife/go-patch"
  packages = ["patch"]
  pruneopts = "UT"
  revision = "250da0e0e68ce3367b4302f34218f6c064eb9559"

[[projects]]
  digest = "1:a1038ef593beb4771c8f0f9c26e8b00410acd800af5c6864651d9bf160ea1813"
  name = "github.com/hpcloud/tail"
  packages = [
    ".",
    "ratelimiter",
    "util",
    "watch",
    "winfile",
  ]
  pruneopts = "UT"
  revision = "a30252cb686a21eb2d0b98132633053ec2f7f1e5"
  version = "v1.0.0"

[[projects]]
  branch = "draft"
  digest = "1:350772c9c1e9e4585cac394dcf55e3f2cf18aaf9b25b7fefa271dff96f50a054"
  name = "github.com/kun-lun/artifacts"
  packages = [
    "pkg/apis",
    "pkg/apis/builtinmanifests",
    "pkg/apis/deployments",
  ]
  pruneopts = "UT"
  revision = "58f656608dad4fde33d45153e339aa6a23a70fe4"

[[projects]]
  branch = "draft"
  digest = "1:467cdc5a13944a84f2fee5c42cae67fe14884a82036a082bdd3d406417084740"
  name = "github.com/kun-lun/ashandler"
  packages = [
    "generator",
    "pkg/apis",
  ]
  pruneopts = "UT"
  revision = "7ebb981c706d2b8c955de0f178b5dcf5e9b3335b"

[[projects]]
  branch = "draft"
  digest = "1:3b123175a03dc3a954cead7e62bda3db250d787b6c3eefbdf18042b4255d0d72"
  name = "github.com/kun-lun/built-in-roles"
  packages = ["pkg/apis"]
  pruneopts = "UT"
  revision = "a804029985d0f76872066bd99778aecd24fcd648"

[[projects]]
  branch = "draft"
  digest = "1:01380f4607f3de828b83a1423dd962f77bbbc94e124c36224418c483b1246b74"
  name = "github.com/kun-lun/common"
  packages = [
    "configuration",
    "errors",
    "fileio",
    "flags",
    "helpers",
    "logger",
    "storage",
  ]
  pruneopts = "UT"
  revision = "11580d80d8ecaebf40fc4aee67d8f882ef7ed48b"

[[projects]]
  branch = "draft"
  digest = "1:43151b32b3159e93aea304bc29aad66fe2c4e3c5c50b10df74d74b684bb06bfb"
  name = "github.com/kun-lun/deployment-producer"
  packages = [
    "dpbuilder",
    "pkg/apis",
  ]
  pruneopts = "UT"
  revision = "14ac27b43129ca02eef3a0361a8ffdd0cab4d9d2"

[[projects]]
  branch = "draft"
  digest = "1:bfc94c47f34550df15ed002a9152fb14563f03bc8997180e2760564e998afb68"
  name = "github.com/kun-lun/digester"
  packages = [
    "pkg/apis",
    "pkg/common",
    "pkg/detector",
    "pkg/detector/frameworks/laravel5",
    "pkg/detector/frameworks/null",
    "pkg/detector/packagemanagers/composer",
    "pkg/detector/packagemanagers/null",
    "pkg/detector/util",
    "pkg/questionnaire",
    "pkg/vmgroupcalc",
  ]
  pruneopts = "UT"
  revision = "58b36a46e21971279b86a175be0fbec90e44e873"

[[projects]]
  branch = "draft"
  digest = "1:ca80cb870012789c7e5dffec92eda22c50db494e3de1fcc8563e91d86be25b44"
  name = "github.com/kun-lun/infra-producer"
  packages = [
    "handler",
    "pkg/apis",
  ]
  pruneopts = "UT"
  revision = "e0057242901ad0be104a5c9e46d12fe5611059f6"

[[projects]]
  branch = "draft"
  digest = "1:7cb13041d1335e4567c88e520474d55bece8471a97c0c794e144ff27ce0f96e3"
  name = "github.com/kun-lun/patching"
  packages = ["pkg/apis"]
  pruneopts = "UT"
  revision = "6b56a079f0ba701a52ba2f2df28b19daccb29833"

[[projects]]
  branch = "draft"
  digest = "1:939c4763a230f80ff31bad029f33a726a9f930f094cb8db257ff7abb50bb5d63"
  name = "github.com/kun-lun/test-infra"
  packages = ["pkg/apis"]
  pruneopts = "UT"
  revision = "650ae5ba6c7f945de3124fef55692825cb165948"

[[projects]]
  branch = "draft"
  digest = "1:549fa5446275ab2b53d42cfc592922c8f1af56c0e0bdaf0d9036644f40a44180"
  name = "github.com/kun-lun/tfhandler"
  packages = [
    "terraform",
    "terraform/binary_dist",
    "terraform/templates",
  ]
  pruneopts = "UT"
  revision = "6b39bfa79036ec1a6d871db615b8ffb788905e0c"

[[projects]]
  branch = "master"
  digest = "1:0e1e5f960c58fdc677212fcc70e55042a0084d367623e51afbdb568963832f5d"
  name = "github.com/nu7hatch/gouuid"
  packages = ["."]
  pruneopts = "UT"
  revision = "179d4d0c4d8d407a32af483c2354df1d2c91e6c3"

[[projects]]
  digest = "1:42e29deef12327a69123b9cb2cb45fee4af5c12c2a23c6e477338279a052703f"
  name = "github.com/onsi/ginkgo"
  packages = [
    ".",
    "config",
    "internal/codelocation",
    "internal/containernode",
    "internal/failer",
    "internal/leafnodes",
    "internal/remote",
    "internal/spec",
    "internal/spec_iterator",
    "internal/specrunner",
    "internal/suite",
    "internal/testingtproxy",
    "internal/writer",
    "reporters",
    "reporters/stenographer",
    "reporters/stenographer/support/go-colorable",
    "reporters/stenographer/support/go-isatty",
    "types",
  ]
  pruneopts = "UT"
  revision = "3774a09d95489ccaa16032e0770d08ea77ba6184"
  version = "v1.6.0"

[[projects]]
  digest = "1:ab54eea8d482272009e9e4af07d4d9b5236c27b4d8c54a3f2c99d163be883eca"
  name = "github.com/onsi/gomega"
  packages = [
    ".",
    "format",
    "internal/assertion",
    "internal/asyncassertion",
    "internal/oraclematcher",
    "internal/testingtsupport",
    "matchers",
    "matchers/support/goraph/bipartitegraph",
    "matchers/support/goraph/edge",
    "matchers/support/goraph/node",
    "matchers/support/goraph/util",
    "types",
  ]
  pruneopts = "UT"
  revision = "7615b9433f86a8bdf29709bf288bc4fd0636a369"
  version = "v1.4.2"

[[projects]]
  digest = "1:40e195917a951a8bf867cd05de2a46aaf1806c50cf92eebf4c16f78cd196f747"
  name = "github.com/pkg/errors"
  packages = ["."]
  pruneopts = "UT"
  revision = "645ef00459ed84a119197bfb8d8205042c6df63d"
  version = "v0.8.0"

[[projects]]
  digest = "1:6a4a11ba764a56d2758899ec6f3848d24698d48442ebce85ee7a3f63284526cd"
  name = "github.com/spf13/afero"
  packages = [
    ".",
    "mem",
  ]
  pruneopts = "UT"
  revision = "d40851caa0d747393da1ffb28f7f9d8b4eeffebd"
  version = "v1.1.2"

[[projects]]
  branch = "master"
  digest = "1:082c538aa8ca5e086d5d20ec16417e7fca237de2c4146485e02aa09989d0ff38"
  name = "golang.org/x/crypto"
  packages = [
    "curve25519",
    "ed25519",
    "ed25519/internal/edwards25519",
    "internal/chacha20",
    "internal/subtle",
    "poly1305",
    "ssh",
  ]
  pruneopts = "UT"
  revision = "3d3f9f413869b949e48070b5bc593aa22cc2b8f2"

[[projects]]
  branch = "master"
  digest = "1:5193d913046443e59093d66a97a40c51f4a5ea4ceba60f3b3ecf89694de5d16f"
  name = "golang.org/x/net"
  packages = [
    "html",
    "html/atom",
    "html/charset",
  ]
  pruneopts = "UT"
  revision = "03003ca0c849e57b6ea29a4bab8d3cb6e4d568fe"

[[projects]]
  branch = "master"
  digest = "1:7ba061af4131fb44b30448572acd0d6fefbf63a61b97b7ef1dea0be5871c2742"
  name = "golang.org/x/sys"
  packages = ["unix"]
  pruneopts = "UT"
  revision = "66b7b1311ac80bbafcd2daeef9a5e6e2cd1e2399"

[[projects]]
  digest = "1:4392fcf42d5cf0e3ff78c96b2acf8223d49e4fdc53eb77c99d2f8dfe4680e006"
  name = "golang.org/x/text"
  packages = [
    "encoding",
    "encoding/charmap",
    "encoding/htmlindex",
    "encoding/internal",
    "encoding/internal/identifier",
    "encoding/japanese",
    "encoding/korean",
    "encoding/simplifiedchinese",
    "encoding/traditionalchinese",
    "encoding/unicode",
    "internal/gen",
    "internal/tag",
    "internal/triegen",
    "internal/ucd",
    "internal/utf8internal",
    "language",
    "runes",
    "transform",
    "unicode/cldr",
    "unicode/norm",
  ]
  pruneopts = "UT"
  revision = "f21a4dfb5e38f5895301dc265a8def02365cc3d0"
  version = "v0.3.0"

[[projects]]
  digest = "1:abeb38ade3f32a92943e5be54f55ed6d6e3b6602761d74b4aab4c9dd45c18abd"
  name = "gopkg.in/fsnotify.v1"
  packages = ["."]
  pruneopts = "UT"
  revision = "c2828203cd70a50dcccfb2761f8b1f8ceef9a8e9"
  source = "https://github.com/fsnotify/fsnotify.git"
  version = "v1.4.7"

[[projects]]
  branch = "v1"
  digest = "1:0caa92e17bc0b65a98c63e5bc76a9e844cd5e56493f8fdbb28fad101a16254d9"
  name = "gopkg.in/tomb.v1"
  packages = ["."]
  pruneopts = "UT"
  revision = "dd632973f1e7218eb1089048e0798ec9ae7dceb8"

[[projects]]
  digest = "1:342378ac4dcb378a5448dd723f0784ae519383532f5e70ade24132c4c8693202"
  name = "gopkg.in/yaml.v2"
  packages = ["."]
  pruneopts = "UT"
  revision = "5420a8b6744d3b0345ab293f6fcba19c978f1183"
  version = "v2.2.1"

[solve-meta]
  analyzer-name = "dep"
  analyzer-version = 1
  input-imports = [
    "github.com/kun-lun/artifacts/pkg/apis/builtinmanifests",
    "github.com/kun-lun/common/configuration",
    "github.com/kun-lun/common/errors",
    "github.com/kun-lun/common/fileio",
    "github.com/kun-lun/common/flags",
    "github.com/kun-lun/common/helpers",
    "github.com/kun-lun/common/logger",
    "github.com/kun-lun/common/storage",
    "github.com/kun-lun/deployment-producer/pkg/apis",
    "github.com/kun-lun/digester/pkg/apis",
    "github.com/kun-lun/digester/pkg/common",
    "github.com/kun-lun/infra-producer/handler",
    "github.com/kun-lun/infra-producer/pkg/apis",
    "github.com/kun-lun/patching/pkg/apis",
    "github.com/kun-lun/test-infra/pkg/apis",
    "github.com/onsi/ginkgo",
    "github.com/onsi/gomega",
    "github.com/spf13/afero",
  ]
  solver-name = "gps-cdcl"
  solver-version = 1
